{
  "name": "cn_popup",
  "version": "1.0.0",
  "lockfileVersion": 1,
  "requires": true,
  "dependencies": {
    "mux.js": {
      "version": "5.6.2",
      "resolved": "https://registry.npmjs.org/mux.js/-/mux.js-5.6.2.tgz",
      "integrity": "sha512-66+0HevBv12gJHmoMTbkQssPyiCOJNnm2XarYgUC6nj1DJ8WG0wLdinzMFq5vrbBmDxNNYYh+03Rp/QVzGiSQg=="
    }
  }
}
